
Microsoft Visual Studio Solution File, Format Version 12.00
# Visual Studio Version 17
VisualStudioVersion = 17.5.33424.131
MinimumVisualStudioVersion = 10.0.40219.1
Project("{9A19103F-16F7-4668-BE54-9A1E7A4F7556}") = "APIGateway", "APIGateway\APIGateway.csproj", "{8FFE4E08-2A58-4388-848E-9DD4C283D01E}"
EndProject
Project("{2150E333-8FDC-42A3-9474-1A3956D46DE8}") = "Services", "Services", "{34530AFD-1101-4D7F-A037-AE95097DBDD4}"
EndProject
Project("{9A19103F-16F7-4668-BE54-9A1E7A4F7556}") = "StockAPI", "Stock\StockAPI.csproj", "{7FBB557F-2C1F-4DDD-9907-D855416EFC39}"
EndProject
Project("{9A19103F-16F7-4668-BE54-9A1E7A4F7556}") = "AuthAPI", "AuthAPI\AuthAPI.csproj", "{34158CC3-8260-4FC6-9D11-4DC0498983B7}"
EndProject
Project("{2150E333-8FDC-42A3-9474-1A3956D46DE8}") = "Auth", "Auth", "{F06723AC-4B00-4A65-A1DB-C678796F992A}"
EndProject
Project("{2150E333-8FDC-42A3-9474-1A3956D46DE8}") = "Stock", "Stock", "{EEEE4FF2-496D-4309-B2DF-EBB7746E8913}"
EndProject
Project("{9A19103F-16F7-4668-BE54-9A1E7A4F7556}") = "StockAPI.Services", "StockAPI.Services\StockAPI.Services.csproj", "{80451F5F-CD48-48FB-BEF2-5B3E567D033B}"
EndProject
Project("{9A19103F-16F7-4668-BE54-9A1E7A4F7556}") = "StockAPI.Repository", "StockAPI.Repository\StockAPI.Repository.csproj", "{A940C26E-5F8A-49B4-8C76-57FC06E9CF98}"
EndProject
Project("{FAE04EC0-301F-11D3-BF4B-00C04F79EFBC}") = "Stock.Core", "Stock.Core\Stock.Core.csproj", "{D03691AB-D515-463D-AFB8-CB5FC0292BB8}"
EndProject
Global
	GlobalSection(SolutionConfigurationPlatforms) = preSolution
		Debug|Any CPU = Debug|Any CPU
		Release|Any CPU = Release|Any CPU
	EndGlobalSection
	GlobalSection(ProjectConfigurationPlatforms) = postSolution
		{8FFE4E08-2A58-4388-848E-9DD4C283D01E}.Debug|Any CPU.ActiveCfg = Debug|Any CPU
		{8FFE4E08-2A58-4388-848E-9DD4C283D01E}.Debug|Any CPU.Build.0 = Debug|Any CPU
		{8FFE4E08-2A58-4388-848E-9DD4C283D01E}.Release|Any CPU.ActiveCfg = Release|Any CPU
		{8FFE4E08-2A58-4388-848E-9DD4C283D01E}.Release|Any CPU.Build.0 = Release|Any CPU
		{7FBB557F-2C1F-4DDD-9907-D855416EFC39}.Debug|Any CPU.ActiveCfg = Debug|Any CPU
		{7FBB557F-2C1F-4DDD-9907-D855416EFC39}.Debug|Any CPU.Build.0 = Debug|Any CPU
		{7FBB557F-2C1F-4DDD-9907-D855416EFC39}.Release|Any CPU.ActiveCfg = Release|Any CPU
		{7FBB557F-2C1F-4DDD-9907-D855416EFC39}.Release|Any CPU.Build.0 = Release|Any CPU
		{34158CC3-8260-4FC6-9D11-4DC0498983B7}.Debug|Any CPU.ActiveCfg = Debug|Any CPU
		{34158CC3-8260-4FC6-9D11-4DC0498983B7}.Debug|Any CPU.Build.0 = Debug|Any CPU
		{34158CC3-8260-4FC6-9D11-4DC0498983B7}.Release|Any CPU.ActiveCfg = Release|Any CPU
		{34158CC3-8260-4FC6-9D11-4DC0498983B7}.Release|Any CPU.Build.0 = Release|Any CPU
		{80451F5F-CD48-48FB-BEF2-5B3E567D033B}.Debug|Any CPU.ActiveCfg = Debug|Any CPU
		{80451F5F-CD48-48FB-BEF2-5B3E567D033B}.Debug|Any CPU.Build.0 = Debug|Any CPU
		{80451F5F-CD48-48FB-BEF2-5B3E567D033B}.Release|Any CPU.ActiveCfg = Release|Any CPU
		{80451F5F-CD48-48FB-BEF2-5B3E567D033B}.Release|Any CPU.Build.0 = Release|Any CPU
		{A940C26E-5F8A-49B4-8C76-57FC06E9CF98}.Debug|Any CPU.ActiveCfg = Debug|Any CPU
		{A940C26E-5F8A-49B4-8C76-57FC06E9CF98}.Debug|Any CPU.Build.0 = Debug|Any CPU
		{A940C26E-5F8A-49B4-8C76-57FC06E9CF98}.Release|Any CPU.ActiveCfg = Release|Any CPU
		{A940C26E-5F8A-49B4-8C76-57FC06E9CF98}.Release|Any CPU.Build.0 = Release|Any CPU
		{D03691AB-D515-463D-AFB8-CB5FC0292BB8}.Debug|Any CPU.ActiveCfg = Debug|Any CPU
		{D03691AB-D515-463D-AFB8-CB5FC0292BB8}.Debug|Any CPU.Build.0 = Debug|Any CPU
		{D03691AB-D515-463D-AFB8-CB5FC0292BB8}.Release|Any CPU.ActiveCfg = Release|Any CPU
		{D03691AB-D515-463D-AFB8-CB5FC0292BB8}.Release|Any CPU.Build.0 = Release|Any CPU
	EndGlobalSection
	GlobalSection(SolutionProperties) = preSolution
		HideSolutionNode = FALSE
	EndGlobalSection
	GlobalSection(NestedProjects) = preSolution
		{7FBB557F-2C1F-4DDD-9907-D855416EFC39} = {EEEE4FF2-496D-4309-B2DF-EBB7746E8913}
		{34158CC3-8260-4FC6-9D11-4DC0498983B7} = {F06723AC-4B00-4A65-A1DB-C678796F992A}
		{F06723AC-4B00-4A65-A1DB-C678796F992A} = {34530AFD-1101-4D7F-A037-AE95097DBDD4}
		{EEEE4FF2-496D-4309-B2DF-EBB7746E8913} = {34530AFD-1101-4D7F-A037-AE95097DBDD4}
		{80451F5F-CD48-48FB-BEF2-5B3E567D033B} = {EEEE4FF2-496D-4309-B2DF-EBB7746E8913}
		{A940C26E-5F8A-49B4-8C76-57FC06E9CF98} = {EEEE4FF2-496D-4309-B2DF-EBB7746E8913}
		{D03691AB-D515-463D-AFB8-CB5FC0292BB8} = {EEEE4FF2-496D-4309-B2DF-EBB7746E8913}
	EndGlobalSection
	GlobalSection(ExtensibilityGlobals) = postSolution
		SolutionGuid = {26E9268E-3DE7-4AEF-98B6-515F295F7115}
	EndGlobalSection
EndGlobal
